
Microsoft Visual Studio Solution File, Format Version 12.00
# Visual Studio Version 16
VisualStudioVersion = 16.0.30517.126
MinimumVisualStudioVersion = 10.0.40219.1
Project("{FAE04EC0-301F-11D3-BF4B-00C04F79EFBC}") = "Lab10", "Lab10.csproj", "{058C4E56-7A3F-465B-BEE4-ABB6B08AE41D}"
EndProject
Global
	GlobalSection(SolutionConfigurationPlatforms) = preSolution
		Debug|Any CPU = Debug|Any CPU
		Release|Any CPU = Release|Any CPU
	EndGlobalSection
	GlobalSection(ProjectConfigurationPlatforms) = postSolution
		{058C4E56-7A3F-465B-BEE4-ABB6B08AE41D}.Debug|Any CPU.ActiveCfg = Debug|Any CPU
		{058C4E56-7A3F-465B-BEE4-ABB6B08AE41D}.Debug|Any CPU.Build.0 = Debug|Any CPU
		{058C4E56-7A3F-465B-BEE4-ABB6B08AE41D}.Release|Any CPU.ActiveCfg = Release|Any CPU
		{058C4E56-7A3F-465B-BEE4-ABB6B08AE41D}.Release|Any CPU.Build.0 = Release|Any CPU
	EndGlobalSection
	GlobalSection(SolutionProperties) = preSolution
		HideSolutionNode = FALSE
	EndGlobalSection
	GlobalSection(ExtensibilityGlobals) = postSolution
		SolutionGuid = {4AEA2D3D-95A0-4981-BD11-17F7E06389BE}
	EndGlobalSection
EndGlobal
