
Microsoft Visual Studio Solution File, Format Version 12.00
# Visual Studio Version 16
VisualStudioVersion = 16.0.30517.126
MinimumVisualStudioVersion = 10.0.40219.1
Project("{FAE04EC0-301F-11D3-BF4B-00C04F79EFBC}") = "Lab05", "Lab05.csproj", "{C61FBB3C-290F-455D-9418-9CCDD0E03E89}"
EndProject
Global
	GlobalSection(SolutionConfigurationPlatforms) = preSolution
		Debug|Any CPU = Debug|Any CPU
		Release|Any CPU = Release|Any CPU
	EndGlobalSection
	GlobalSection(ProjectConfigurationPlatforms) = postSolution
		{C61FBB3C-290F-455D-9418-9CCDD0E03E89}.Debug|Any CPU.ActiveCfg = Debug|Any CPU
		{C61FBB3C-290F-455D-9418-9CCDD0E03E89}.Debug|Any CPU.Build.0 = Debug|Any CPU
		{C61FBB3C-290F-455D-9418-9CCDD0E03E89}.Release|Any CPU.ActiveCfg = Release|Any CPU
		{C61FBB3C-290F-455D-9418-9CCDD0E03E89}.Release|Any CPU.Build.0 = Release|Any CPU
	EndGlobalSection
	GlobalSection(SolutionProperties) = preSolution
		HideSolutionNode = FALSE
	EndGlobalSection
	GlobalSection(ExtensibilityGlobals) = postSolution
		SolutionGuid = {B45BC2E3-D5BB-4EFE-800A-ADCB06D24512}
	EndGlobalSection
EndGlobal
